// !$*UTF8*$!
{
	archiveVersion = 1;
	classes = {
	};
	objectVersion = 50;
	objects = {

/* Begin PBXBuildFile section */
		38A9ED6221FCF1F40075AFB5 /* AppDelegate.swift in Sources */ = {isa = PBXBuildFile; fileRef = 38A9ED6121FCF1F40075AFB5 /* AppDelegate.swift */; };
		38A9ED6421FCF1F40075AFB5 /* ViewController.swift in Sources */ = {isa = PBXBuildFile; fileRef = 38A9ED6321FCF1F40075AFB5 /* ViewController.swift */; };
		38A9ED6921FCF1FD0075AFB5 /* Assets.xcassets in Resources */ = {isa = PBXBuildFile; fileRef = 38A9ED6821FCF1FD0075AFB5 /* Assets.xcassets */; };
		38A9ED7421FCF2B20075AFB5 /* HomeViewController.swift in Sources */ = {isa = PBXBuildFile; fileRef = 38A9ED7321FCF2B20075AFB5 /* HomeViewController.swift */; };
		38A9ED7621FCF35D0075AFB5 /* HomeView.swift in Sources */ = {isa = PBXBuildFile; fileRef = 38A9ED7521FCF35D0075AFB5 /* HomeView.swift */; };
		38A9ED7821FCF7530075AFB5 /* LookUpView.swift in Sources */ = {isa = PBXBuildFile; fileRef = 38A9ED7721FCF7530075AFB5 /* LookUpView.swift */; };
		38A9ED7A21FCF7670075AFB5 /* LookUpViewController.swift in Sources */ = {isa = PBXBuildFile; fileRef = 38A9ED7921FCF7670075AFB5 /* LookUpViewController.swift */; };
		38A9ED7C21FCF86C0075AFB5 /* RateView.swift in Sources */ = {isa = PBXBuildFile; fileRef = 38A9ED7B21FCF86C0075AFB5 /* RateView.swift */; };
		38A9ED7E21FCF8770075AFB5 /* RateViewController.swift in Sources */ = {isa = PBXBuildFile; fileRef = 38A9ED7D21FCF8770075AFB5 /* RateViewController.swift */; };
		38A9ED8021FCF8B00075AFB5 /* Default-568h@2x.png in Resources */ = {isa = PBXBuildFile; fileRef = 38A9ED7F21FCF8B00075AFB5 /* Default-568h@2x.png */; };
		38A9ED8221FD03BA0075AFB5 /* DriverView.swift in Sources */ = {isa = PBXBuildFile; fileRef = 38A9ED8121FD03BA0075AFB5 /* DriverView.swift */; };
		38A9ED8421FD03C50075AFB5 /* DriverViewController.swift in Sources */ = {isa = PBXBuildFile; fileRef = 38A9ED8321FD03C40075AFB5 /* DriverViewController.swift */; };
/* End PBXBuildFile section */

/* Begin PBXFileReference section */
		38A9ED5E21FCF1F40075AFB5 /* driverating.app */ = {isa = PBXFileReference; explicitFileType = wrapper.application; includeInIndex = 0; path = driverating.app; sourceTree = BUILT_PRODUCTS_DIR; };
		38A9ED6121FCF1F40075AFB5 /* AppDelegate.swift */ = {isa = PBXFileReference; lastKnownFileType = sourcecode.swift; path = AppDelegate.swift; sourceTree = "<group>"; };
		38A9ED6321FCF1F40075AFB5 /* ViewController.swift */ = {isa = PBXFileReference; lastKnownFileType = sourcecode.swift; path = ViewController.swift; sourceTree = "<group>"; };
		38A9ED6821FCF1FD0075AFB5 /* Assets.xcassets */ = {isa = PBXFileReference; lastKnownFileType = folder.assetcatalog; path = Assets.xcassets; sourceTree = "<group>"; };
		38A9ED6D21FCF1FD0075AFB5 /* Info.plist */ = {isa = PBXFileReference; lastKnownFileType = text.plist.xml; path = Info.plist; sourceTree = "<group>"; };
		38A9ED7321FCF2B20075AFB5 /* HomeViewController.swift */ = {isa = PBXFileReference; lastKnownFileType = sourcecode.swift; path = HomeViewController.swift; sourceTree = "<group>"; };
		38A9ED7521FCF35D0075AFB5 /* HomeView.swift */ = {isa = PBXFileReference; lastKnownFileType = sourcecode.swift; path = HomeView.swift; sourceTree = "<group>"; };
		38A9ED7721FCF7530075AFB5 /* LookUpView.swift */ = {isa = PBXFileReference; lastKnownFileType = sourcecode.swift; path = LookUpView.swift; sourceTree = "<group>"; };
		38A9ED7921FCF7670075AFB5 /* LookUpViewController.swift */ = {isa = PBXFileReference; lastKnownFileType = sourcecode.swift; path = LookUpViewController.swift; sourceTree = "<group>"; };
		38A9ED7B21FCF86C0075AFB5 /* RateView.swift */ = {isa = PBXFileReference; lastKnownFileType = sourcecode.swift; path = RateView.swift; sourceTree = "<group>"; };
		38A9ED7D21FCF8770075AFB5 /* RateViewController.swift */ = {isa = PBXFileReference; lastKnownFileType = sourcecode.swift; path = RateViewController.swift; sourceTree = "<group>"; };
		38A9ED7F21FCF8B00075AFB5 /* Default-568h@2x.png */ = {isa = PBXFileReference; lastKnownFileType = image.png; path = "Default-568h@2x.png"; sourceTree = "<group>"; };
		38A9ED8121FD03BA0075AFB5 /* DriverView.swift */ = {isa = PBXFileReference; lastKnownFileType = sourcecode.swift; path = DriverView.swift; sourceTree = "<group>"; };
		38A9ED8321FD03C40075AFB5 /* DriverViewController.swift */ = {isa = PBXFileReference; lastKnownFileType = sourcecode.swift; path = DriverViewController.swift; sourceTree = "<group>"; };
/* End PBXFileReference section */

/* Begin PBXFrameworksBuildPhase section */
		38A9ED5B21FCF1F40075AFB5 /* Frameworks */ = {
			isa = PBXFrameworksBuildPhase;
			buildActionMask = 2147483647;
			files = (
			);
			runOnlyForDeploymentPostprocessing = 0;
		};
/* End PBXFrameworksBuildPhase section */

/* Begin PBXGroup section */
		38A9ED5521FCF1F30075AFB5 = {
			isa = PBXGroup;
			children = (
				38A9ED7F21FCF8B00075AFB5 /* Default-568h@2x.png */,
				38A9ED6021FCF1F40075AFB5 /* driverating */,
				38A9ED5F21FCF1F40075AFB5 /* Products */,
			);
			sourceTree = "<group>";
		};
		38A9ED5F21FCF1F40075AFB5 /* Products */ = {
			isa = PBXGroup;
			children = (
				38A9ED5E21FCF1F40075AFB5 /* driverating.app */,
			);
			name = Products;
			sourceTree = "<group>";
		};
		38A9ED6021FCF1F40075AFB5 /* driverating */ = {
			isa = PBXGroup;
			children = (
				38A9ED6121FCF1F40075AFB5 /* AppDelegate.swift */,
				38A9ED6321FCF1F40075AFB5 /* ViewController.swift */,
				38A9ED6821FCF1FD0075AFB5 /* Assets.xcassets */,
				38A9ED6D21FCF1FD0075AFB5 /* Info.plist */,
				38A9ED7321FCF2B20075AFB5 /* HomeViewController.swift */,
				38A9ED7521FCF35D0075AFB5 /* HomeView.swift */,
				38A9ED7721FCF7530075AFB5 /* LookUpView.swift */,
				38A9ED7921FCF7670075AFB5 /* LookUpViewController.swift */,
				38A9ED7B21FCF86C0075AFB5 /* RateView.swift */,
				38A9ED7D21FCF8770075AFB5 /* RateViewController.swift */,
				38A9ED8121FD03BA0075AFB5 /* DriverView.swift */,
				38A9ED8321FD03C40075AFB5 /* DriverViewController.swift */,
			);
			path = driverating;
			sourceTree = "<group>";
		};
/* End PBXGroup section */

/* Begin PBXNativeTarget section */
		38A9ED5D21FCF1F40075AFB5 /* driverating */ = {
			isa = PBXNativeTarget;
			buildConfigurationList = 38A9ED7021FCF1FD0075AFB5 /* Build configuration list for PBXNativeTarget "driverating" */;
			buildPhases = (
				38A9ED5A21FCF1F40075AFB5 /* Sources */,
				38A9ED5B21FCF1F40075AFB5 /* Frameworks */,
				38A9ED5C21FCF1F40075AFB5 /* Resources */,
			);
			buildRules = (
			);
			dependencies = (
			);
			name = driverating;
			productName = driverating;
			productReference = 38A9ED5E21FCF1F40075AFB5 /* driverating.app */;
			productType = "com.apple.product-type.application";
		};
/* End PBXNativeTarget section */

/* Begin PBXProject section */
		38A9ED5621FCF1F30075AFB5 /* Project object */ = {
			isa = PBXProject;
			attributes = {
				LastSwiftUpdateCheck = 1010;
				LastUpgradeCheck = 1010;
				ORGANIZATIONNAME = "Caelan Dailey";
				TargetAttributes = {
					38A9ED5D21FCF1F40075AFB5 = {
						CreatedOnToolsVersion = 10.1;
					};
				};
			};
			buildConfigurationList = 38A9ED5921FCF1F40075AFB5 /* Build configuration list for PBXProject "driverating" */;
			compatibilityVersion = "Xcode 9.3";
			developmentRegion = en;
			hasScannedForEncodings = 0;
			knownRegions = (
				en,
				Base,
			);
			mainGroup = 38A9ED5521FCF1F30075AFB5;
			productRefGroup = 38A9ED5F21FCF1F40075AFB5 /* Products */;
			projectDirPath = "";
			projectRoot = "";
			targets = (
				38A9ED5D21FCF1F40075AFB5 /* driverating */,
			);
		};
/* End PBXProject section */

/* Begin PBXResourcesBuildPhase section */
		38A9ED5C21FCF1F40075AFB5 /* Resources */ = {
			isa = PBXResourcesBuildPhase;
			buildActionMask = 2147483647;
			files = (
				38A9ED6921FCF1FD0075AFB5 /* Assets.xcassets in Resources */,
				38A9ED8021FCF8B00075AFB5 /* Default-568h@2x.png in Resources */,
			);
			runOnlyForDeploymentPostprocessing = 0;
		};
/* End PBXResourcesBuildPhase section */

/* Begin PBXSourcesBuildPhase section */
		38A9ED5A21FCF1F40075AFB5 /* Sources */ = {
			isa = PBXSourcesBuildPhase;
			buildActionMask = 2147483647;
			files = (
				38A9ED6421FCF1F40075AFB5 /* ViewController.swift in Sources */,
				38A9ED8221FD03BA0075AFB5 /* DriverView.swift in Sources */,
				38A9ED7E21FCF8770075AFB5 /* RateViewController.swift in Sources */,
				38A9ED7821FCF7530075AFB5 /* LookUpView.swift in Sources */,
				38A9ED7621FCF35D0075AFB5 /* HomeView.swift in Sources */,
				38A9ED6221FCF1F40075AFB5 /* AppDelegate.swift in Sources */,
				38A9ED8421FD03C50075AFB5 /* DriverViewController.swift in Sources */,
				38A9ED7A21FCF7670075AFB5 /* LookUpViewController.swift in Sources */,
				38A9ED7421FCF2B20075AFB5 /* HomeViewController.swift in Sources */,
				38A9ED7C21FCF86C0075AFB5 /* RateView.swift in Sources */,
			);
			runOnlyForDeploymentPostprocessing = 0;
		};
/* End PBXSourcesBuildPhase section */

/* Begin XCBuildConfiguration section */
		38A9ED6E21FCF1FD0075AFB5 /* Debug */ = {
			isa = XCBuildConfiguration;
			buildSettings = {
				ALWAYS_SEARCH_USER_PATHS = NO;
				CLANG_ANALYZER_NONNULL = YES;
				CLANG_ANALYZER_NUMBER_OBJECT_CONVERSION = YES_AGGRESSIVE;
				CLANG_CXX_LANGUAGE_STANDARD = "gnu++14";
				CLANG_CXX_LIBRARY = "libc++";
				CLANG_ENABLE_MODULES = YES;
				CLANG_ENABLE_OBJC_ARC = YES;
				CLANG_ENABLE_OBJC_WEAK = YES;
				CLANG_WARN_BLOCK_CAPTURE_AUTORELEASING = YES;
				CLANG_WARN_BOOL_CONVERSION = YES;
				CLANG_WARN_COMMA = YES;
				CLANG_WARN_CONSTANT_CONVERSION = YES;
				CLANG_WARN_DEPRECATED_OBJC_IMPLEMENTATIONS = YES;
				CLANG_WARN_DIRECT_OBJC_ISA_USAGE = YES_ERROR;
				CLANG_WARN_DOCUMENTATION_COMMENTS = YES;
				CLANG_WARN_EMPTY_BODY = YES;
				CLANG_WARN_ENUM_CONVERSION = YES;
				CLANG_WARN_INFINITE_RECURSION = YES;
				CLANG_WARN_INT_CONVERSION = YES;
				CLANG_WARN_NON_LITERAL_NULL_CONVERSION = YES;
				CLANG_WARN_OBJC_IMPLICIT_RETAIN_SELF = YES;
				CLANG_WARN_OBJC_LITERAL_CONVERSION = YES;
				CLANG_WARN_OBJC_ROOT_CLASS = YES_ERROR;
				CLANG_WARN_RANGE_LOOP_ANALYSIS = YES;
				CLANG_WARN_STRICT_PROTOTYPES = YES;
				CLANG_WARN_SUSPICIOUS_MOVE = YES;
				CLANG_WARN_UNGUARDED_AVAILABILITY = YES_AGGRESSIVE;
				CLANG_WARN_UNREACHABLE_CODE = YES;
				CLANG_WARN__DUPLICATE_METHOD_MATCH = YES;
				CODE_SIGN_IDENTITY = "iPhone Developer";
				COPY_PHASE_STRIP = NO;
				DEBUG_INFORMATION_FORMAT = dwarf;
				ENABLE_STRICT_OBJC_MSGSEND = YES;
				ENABLE_TESTABILITY = YES;
				GCC_C_LANGUAGE_STANDARD = gnu11;
				GCC_DYNAMIC_NO_PIC = NO;
				GCC_NO_COMMON_BLOCKS = YES;
				GCC_OPTIMIZATION_LEVEL = 0;
				GCC_PREPROCESSOR_DEFINITIONS = (
					"DEBUG=1",
					"$(inherited)",
				);
				GCC_WARN_64_TO_32_BIT_CONVERSION = YES;
				GCC_WARN_ABOUT_RETURN_TYPE = YES_ERROR;
				GCC_WARN_UNDECLARED_SELECTOR = YES;
				GCC_WARN_UNINITIALIZED_AUTOS = YES_AGGRESSIVE;
				GCC_WARN_UNUSED_FUNCTION = YES;
				GCC_WARN_UNUSED_VARIABLE = YES;
				IPHONEOS_DEPLOYMENT_TARGET = 12.1;
				MTL_ENABLE_DEBUG_INFO = INCLUDE_SOURCE;
				MTL_FAST_MATH = YES;
				ONLY_ACTIVE_ARCH = YES;
				SDKROOT = iphoneos;
				SWIFT_ACTIVE_COMPILATION_CONDITIONS = DEBUG;
				SWIFT_OPTIMIZATION_LEVEL = "-Onone";
			};
			name = Debug;
		};
		38A9ED6F21FCF1FD0075AFB5 /* Release */ = {
			isa = XCBuildConfiguration;
			buildSettings = {
				ALWAYS_SEARCH_USER_PATHS = NO;
				CLANG_ANALYZER_NONNULL = YES;
				CLANG_ANALYZER_NUMBER_OBJECT_CONVERSION = YES_AGGRESSIVE;
				CLANG_CXX_LANGUAGE_STANDARD = "gnu++14";
				CLANG_CXX_LIBRARY = "libc++";
				CLANG_ENABLE_MODULES = YES;
				CLANG_ENABLE_OBJC_ARC = YES;
				CLANG_ENABLE_OBJC_WEAK = YES;
				CLANG_WARN_BLOCK_CAPTURE_AUTORELEASING = YES;
				CLANG_WARN_BOOL_CONVERSION = YES;
				CLANG_WARN_COMMA = YES;
				CLANG_WARN_CONSTANT_CONVERSION = YES;
				CLANG_WARN_DEPRECATED_OBJC_IMPLEMENTATIONS = YES;
				CLANG_WARN_DIRECT_OBJC_ISA_USAGE = YES_ERROR;
				CLANG_WARN_DOCUMENTATION_COMMENTS = YES;
				CLANG_WARN_EMPTY_BODY = YES;
				CLANG_WARN_ENUM_CONVERSION = YES;
				CLANG_WARN_INFINITE_RECURSION = YES;
				CLANG_WARN_INT_CONVERSION = YES;
				CLANG_WARN_NON_LITERAL_NULL_CONVERSION = YES;
				CLANG_WARN_OBJC_IMPLICIT_RETAIN_SELF = YES;
				CLANG_WARN_OBJC_LITERAL_CONVERSION = YES;
				CLANG_WARN_OBJC_ROOT_CLASS = YES_ERROR;
				CLANG_WARN_RANGE_LOOP_ANALYSIS = YES;
				CLANG_WARN_STRICT_PROTOTYPES = YES;
				CLANG_WARN_SUSPICIOUS_MOVE = YES;
				CLANG_WARN_UNGUARDED_AVAILABILITY = YES_AGGRESSIVE;
				CLANG_WARN_UNREACHABLE_CODE = YES;
				CLANG_WARN__DUPLICATE_METHOD_MATCH = YES;
				CODE_SIGN_IDENTITY = "iPhone Developer";
				COPY_PHASE_STRIP = NO;
				DEBUG_INFORMATION_FORMAT = "dwarf-with-dsym";
				ENABLE_NS_ASSERTIONS = NO;
				ENABLE_STRICT_OBJC_MSGSEND = YES;
				GCC_C_LANGUAGE_STANDARD = gnu11;
				GCC_NO_COMMON_BLOCKS = YES;
				GCC_WARN_64_TO_32_BIT_CONVERSION = YES;
				GCC_WARN_ABOUT_RETURN_TYPE = YES_ERROR;
				GCC_WARN_UNDECLARED_SELECTOR = YES;
				GCC_WARN_UNINITIALIZED_AUTOS = YES_AGGRESSIVE;
				GCC_WARN_UNUSED_FUNCTION = YES;
				GCC_WARN_UNUSED_VARIABLE = YES;
				IPHONEOS_DEPLOYMENT_TARGET = 12.1;
				MTL_ENABLE_DEBUG_INFO = NO;
				MTL_FAST_MATH = YES;
				SDKROOT = iphoneos;
				SWIFT_COMPILATION_MODE = wholemodule;
				SWIFT_OPTIMIZATION_LEVEL = "-O";
				VALIDATE_PRODUCT = YES;
			};
			name = Release;
		};
		38A9ED7121FCF1FD0075AFB5 /* Debug */ = {
			isa = XCBuildConfiguration;
			buildSettings = {
				ASSETCATALOG_COMPILER_APPICON_NAME = AppIcon;
				CODE_SIGN_STYLE = Automatic;
				DEVELOPMENT_TEAM = N3VBXEQWW6;
				INFOPLIST_FILE = driverating/Info.plist;
				LD_RUNPATH_SEARCH_PATHS = (
					"$(inherited)",
					"@executable_path/Frameworks",
				);
				PRODUCT_BUNDLE_IDENTIFIER = csd.driverating;
				PRODUCT_NAME = "$(TARGET_NAME)";
				SWIFT_VERSION = 4.2;
				TARGETED_DEVICE_FAMILY = "1,2";
			};
			name = Debug;
		};
		38A9ED7221FCF1FD0075AFB5 /* Release */ = {
			isa = XCBuildConfiguration;
			buildSettings = {
				ASSETCATALOG_COMPILER_APPICON_NAME = AppIcon;
				CODE_SIGN_STYLE = Automatic;
				DEVELOPMENT_TEAM = N3VBXEQWW6;
				INFOPLIST_FILE = driverating/Info.plist;
				LD_RUNPATH_SEARCH_PATHS = (
					"$(inherited)",
					"@executable_path/Frameworks",
				);
				PRODUCT_BUNDLE_IDENTIFIER = csd.driverating;
				PRODUCT_NAME = "$(TARGET_NAME)";
				SWIFT_VERSION = 4.2;
				TARGETED_DEVICE_FAMILY = "1,2";
			};
			name = Release;
		};
/* End XCBuildConfiguration section */

/* Begin XCConfigurationList section */
		38A9ED5921FCF1F40075AFB5 /* Build configuration list for PBXProject "driverating" */ = {
			isa = XCConfigurationList;
			buildConfigurations = (
				38A9ED6E21FCF1FD0075AFB5 /* Debug */,
				38A9ED6F21FCF1FD0075AFB5 /* Release */,
			);
			defaultConfigurationIsVisible = 0;
			defaultConfigurationName = Release;
		};
		38A9ED7021FCF1FD0075AFB5 /* Build configuration list for PBXNativeTarget "driverating" */ = {
			isa = XCConfigurationList;
			buildConfigurations = (
				38A9ED7121FCF1FD0075AFB5 /* Debug */,
				38A9ED7221FCF1FD0075AFB5 /* Release */,
			);
			defaultConfigurationIsVisible = 0;
			defaultConfigurationName = Release;
		};
/* End XCConfigurationList section */
	};
	rootObject = 38A9ED5621FCF1F30075AFB5 /* Project object */;
}
